
Microsoft Visual Studio Solution File, Format Version 12.00
# Visual Studio 15
VisualStudioVersion = 15.0.28010.2046
MinimumVisualStudioVersion = 10.0.40219.1
Project("{9A19103F-16F7-4668-BE54-9A1E7A4F7556}") = "Library", "Library\Library.csproj", "{6BD56D76-7FEC-4EB5-8F24-F465F82D945F}"
EndProject
Project("{FAE04EC0-301F-11D3-BF4B-00C04F79EFBC}") = "LibraryIterator", "LibraryIterator\LibraryIterator.csproj", "{036190B1-B45B-46D6-A363-07FAA0DD40CE}"
EndProject
Project("{FAE04EC0-301F-11D3-BF4B-00C04F79EFBC}") = "ComparableBook", "ComparableBook\ComparableBook.csproj", "{93FF4BCD-E4A9-469A-988F-B55EEFAA0542}"
EndProject
Global
	GlobalSection(SolutionConfigurationPlatforms) = preSolution
		Debug|Any CPU = Debug|Any CPU
		Release|Any CPU = Release|Any CPU
	EndGlobalSection
	GlobalSection(ProjectConfigurationPlatforms) = postSolution
		{6BD56D76-7FEC-4EB5-8F24-F465F82D945F}.Debug|Any CPU.ActiveCfg = Debug|Any CPU
		{6BD56D76-7FEC-4EB5-8F24-F465F82D945F}.Debug|Any CPU.Build.0 = Debug|Any CPU
		{6BD56D76-7FEC-4EB5-8F24-F465F82D945F}.Release|Any CPU.ActiveCfg = Release|Any CPU
		{6BD56D76-7FEC-4EB5-8F24-F465F82D945F}.Release|Any CPU.Build.0 = Release|Any CPU
		{036190B1-B45B-46D6-A363-07FAA0DD40CE}.Debug|Any CPU.ActiveCfg = Debug|Any CPU
		{036190B1-B45B-46D6-A363-07FAA0DD40CE}.Debug|Any CPU.Build.0 = Debug|Any CPU
		{036190B1-B45B-46D6-A363-07FAA0DD40CE}.Release|Any CPU.ActiveCfg = Release|Any CPU
		{036190B1-B45B-46D6-A363-07FAA0DD40CE}.Release|Any CPU.Build.0 = Release|Any CPU
		{93FF4BCD-E4A9-469A-988F-B55EEFAA0542}.Debug|Any CPU.ActiveCfg = Debug|Any CPU
		{93FF4BCD-E4A9-469A-988F-B55EEFAA0542}.Debug|Any CPU.Build.0 = Debug|Any CPU
		{93FF4BCD-E4A9-469A-988F-B55EEFAA0542}.Release|Any CPU.ActiveCfg = Release|Any CPU
		{93FF4BCD-E4A9-469A-988F-B55EEFAA0542}.Release|Any CPU.Build.0 = Release|Any CPU
	EndGlobalSection
	GlobalSection(SolutionProperties) = preSolution
		HideSolutionNode = FALSE
	EndGlobalSection
	GlobalSection(ExtensibilityGlobals) = postSolution
		SolutionGuid = {4783F179-7B7B-49FD-A5E4-FA678B19EEEF}
	EndGlobalSection
EndGlobal
