
Microsoft Visual Studio Solution File, Format Version 12.00
# Visual Studio 15
VisualStudioVersion = 15.0.28307.136
MinimumVisualStudioVersion = 10.0.40219.1
Project("{9A19103F-16F7-4668-BE54-9A1E7A4F7556}") = "P03_BarraksWars", "P03_BarraksWars.csproj", "{F5EC3E73-3D8D-403B-B7C8-E7D263F2A5CA}"
EndProject
Project("{FAE04EC0-301F-11D3-BF4B-00C04F79EFBC}") = "TrafficLight", "..\TrafficLight\TrafficLight.csproj", "{259E52CD-9703-4458-ACF9-E2523BB8F4EE}"
EndProject
Global
	GlobalSection(SolutionConfigurationPlatforms) = preSolution
		Debug|Any CPU = Debug|Any CPU
		Release|Any CPU = Release|Any CPU
	EndGlobalSection
	GlobalSection(ProjectConfigurationPlatforms) = postSolution
		{F5EC3E73-3D8D-403B-B7C8-E7D263F2A5CA}.Debug|Any CPU.ActiveCfg = Debug|Any CPU
		{F5EC3E73-3D8D-403B-B7C8-E7D263F2A5CA}.Debug|Any CPU.Build.0 = Debug|Any CPU
		{F5EC3E73-3D8D-403B-B7C8-E7D263F2A5CA}.Release|Any CPU.ActiveCfg = Release|Any CPU
		{F5EC3E73-3D8D-403B-B7C8-E7D263F2A5CA}.Release|Any CPU.Build.0 = Release|Any CPU
		{259E52CD-9703-4458-ACF9-E2523BB8F4EE}.Debug|Any CPU.ActiveCfg = Debug|Any CPU
		{259E52CD-9703-4458-ACF9-E2523BB8F4EE}.Debug|Any CPU.Build.0 = Debug|Any CPU
		{259E52CD-9703-4458-ACF9-E2523BB8F4EE}.Release|Any CPU.ActiveCfg = Release|Any CPU
		{259E52CD-9703-4458-ACF9-E2523BB8F4EE}.Release|Any CPU.Build.0 = Release|Any CPU
	EndGlobalSection
	GlobalSection(SolutionProperties) = preSolution
		HideSolutionNode = FALSE
	EndGlobalSection
	GlobalSection(ExtensibilityGlobals) = postSolution
		SolutionGuid = {AE9962DD-DE90-48D7-B722-7937A24A03C1}
	EndGlobalSection
EndGlobal
