
Microsoft Visual Studio Solution File, Format Version 12.00
# Visual Studio 15
VisualStudioVersion = 15.0.28307.136
MinimumVisualStudioVersion = 10.0.40219.1
Project("{9A19103F-16F7-4668-BE54-9A1E7A4F7556}") = "P02_BlackBoxInteger", "P02_BlackBoxInteger.csproj", "{A7B352F0-958A-431A-BCAD-0CB7244AFA02}"
EndProject
Global
	GlobalSection(SolutionConfigurationPlatforms) = preSolution
		Debug|Any CPU = Debug|Any CPU
		Release|Any CPU = Release|Any CPU
	EndGlobalSection
	GlobalSection(ProjectConfigurationPlatforms) = postSolution
		{A7B352F0-958A-431A-BCAD-0CB7244AFA02}.Debug|Any CPU.ActiveCfg = Debug|Any CPU
		{A7B352F0-958A-431A-BCAD-0CB7244AFA02}.Debug|Any CPU.Build.0 = Debug|Any CPU
		{A7B352F0-958A-431A-BCAD-0CB7244AFA02}.Release|Any CPU.ActiveCfg = Release|Any CPU
		{A7B352F0-958A-431A-BCAD-0CB7244AFA02}.Release|Any CPU.Build.0 = Release|Any CPU
	EndGlobalSection
	GlobalSection(SolutionProperties) = preSolution
		HideSolutionNode = FALSE
	EndGlobalSection
	GlobalSection(ExtensibilityGlobals) = postSolution
		SolutionGuid = {63AB611C-155C-4A1B-8BF2-DBC8092AAF84}
	EndGlobalSection
EndGlobal
