
Microsoft Visual Studio Solution File, Format Version 12.00
# Visual Studio 15
VisualStudioVersion = 15.0.28307.136
MinimumVisualStudioVersion = 10.0.40219.1
Project("{9A19103F-16F7-4668-BE54-9A1E7A4F7556}") = "Database", "IntegerDatabase\Database\Database.csproj", "{10DB9A17-5BA7-4983-BB97-1786AA5F60F1}"
EndProject
Project("{9A19103F-16F7-4668-BE54-9A1E7A4F7556}") = "DatabaseExtended", "IntegerDatabase\DatabaseExtended\DatabaseExtended.csproj", "{78148449-3FDF-4F40-9D4D-3A426BE32013}"
EndProject
Project("{9A19103F-16F7-4668-BE54-9A1E7A4F7556}") = "DatabaseExtendedTests", "IntegerDatabase\DatabaseExtendedTests\DatabaseExtendedTests.csproj", "{BA395EEB-F046-4DC9-95EB-5DB25E5D82B4}"
EndProject
Project("{9A19103F-16F7-4668-BE54-9A1E7A4F7556}") = "DatabaseTests", "IntegerDatabase\DatabaseTests\DatabaseTests.csproj", "{BF0BF979-2FCE-47E5-92BD-4229470CEB9E}"
EndProject
Project("{9A19103F-16F7-4668-BE54-9A1E7A4F7556}") = "StorageMaster", "StorageMaster\StorageMaster\StorageMaster.csproj", "{06B72D9D-EB9E-41DF-8D74-B0C4266FEE11}"
EndProject
Project("{9A19103F-16F7-4668-BE54-9A1E7A4F7556}") = "StorageMaster.BusinessLogic.Tests", "StorageMaster\StorageMester.BusinessLogic.Tests\StorageMaster.BusinessLogic.Tests.csproj", "{0CA15862-211B-4FF8-ABDF-6B067D467623}"
EndProject
Project("{9A19103F-16F7-4668-BE54-9A1E7A4F7556}") = "StorageMester.Tests.Structure", "StorageMaster\StorageMester.Tests.Structure\StorageMester.Tests.Structure.csproj", "{54521F42-28AB-4929-B327-38FD6456AE3E}"
EndProject
Project("{9A19103F-16F7-4668-BE54-9A1E7A4F7556}") = "CustomLinkedList", "CustomLinkList\CustomLinkedList\CustomLinkedList.csproj", "{627BC13B-5181-455E-943B-C60A3FBDBB68}"
EndProject
Project("{9A19103F-16F7-4668-BE54-9A1E7A4F7556}") = "LinkedListTests", "CustomLinkList\LinkedListTests\LinkedListTests.csproj", "{7AB7AF8D-FD27-4686-868F-D3F820935049}"
EndProject
Global
	GlobalSection(SolutionConfigurationPlatforms) = preSolution
		Debug|Any CPU = Debug|Any CPU
		Release|Any CPU = Release|Any CPU
	EndGlobalSection
	GlobalSection(ProjectConfigurationPlatforms) = postSolution
		{10DB9A17-5BA7-4983-BB97-1786AA5F60F1}.Debug|Any CPU.ActiveCfg = Debug|Any CPU
		{10DB9A17-5BA7-4983-BB97-1786AA5F60F1}.Debug|Any CPU.Build.0 = Debug|Any CPU
		{10DB9A17-5BA7-4983-BB97-1786AA5F60F1}.Release|Any CPU.ActiveCfg = Release|Any CPU
		{10DB9A17-5BA7-4983-BB97-1786AA5F60F1}.Release|Any CPU.Build.0 = Release|Any CPU
		{78148449-3FDF-4F40-9D4D-3A426BE32013}.Debug|Any CPU.ActiveCfg = Debug|Any CPU
		{78148449-3FDF-4F40-9D4D-3A426BE32013}.Debug|Any CPU.Build.0 = Debug|Any CPU
		{78148449-3FDF-4F40-9D4D-3A426BE32013}.Release|Any CPU.ActiveCfg = Release|Any CPU
		{78148449-3FDF-4F40-9D4D-3A426BE32013}.Release|Any CPU.Build.0 = Release|Any CPU
		{BA395EEB-F046-4DC9-95EB-5DB25E5D82B4}.Debug|Any CPU.ActiveCfg = Debug|Any CPU
		{BA395EEB-F046-4DC9-95EB-5DB25E5D82B4}.Debug|Any CPU.Build.0 = Debug|Any CPU
		{BA395EEB-F046-4DC9-95EB-5DB25E5D82B4}.Release|Any CPU.ActiveCfg = Release|Any CPU
		{BA395EEB-F046-4DC9-95EB-5DB25E5D82B4}.Release|Any CPU.Build.0 = Release|Any CPU
		{BF0BF979-2FCE-47E5-92BD-4229470CEB9E}.Debug|Any CPU.ActiveCfg = Debug|Any CPU
		{BF0BF979-2FCE-47E5-92BD-4229470CEB9E}.Debug|Any CPU.Build.0 = Debug|Any CPU
		{BF0BF979-2FCE-47E5-92BD-4229470CEB9E}.Release|Any CPU.ActiveCfg = Release|Any CPU
		{BF0BF979-2FCE-47E5-92BD-4229470CEB9E}.Release|Any CPU.Build.0 = Release|Any CPU
		{06B72D9D-EB9E-41DF-8D74-B0C4266FEE11}.Debug|Any CPU.ActiveCfg = Debug|Any CPU
		{06B72D9D-EB9E-41DF-8D74-B0C4266FEE11}.Debug|Any CPU.Build.0 = Debug|Any CPU
		{06B72D9D-EB9E-41DF-8D74-B0C4266FEE11}.Release|Any CPU.ActiveCfg = Release|Any CPU
		{06B72D9D-EB9E-41DF-8D74-B0C4266FEE11}.Release|Any CPU.Build.0 = Release|Any CPU
		{0CA15862-211B-4FF8-ABDF-6B067D467623}.Debug|Any CPU.ActiveCfg = Debug|Any CPU
		{0CA15862-211B-4FF8-ABDF-6B067D467623}.Debug|Any CPU.Build.0 = Debug|Any CPU
		{0CA15862-211B-4FF8-ABDF-6B067D467623}.Release|Any CPU.ActiveCfg = Release|Any CPU
		{0CA15862-211B-4FF8-ABDF-6B067D467623}.Release|Any CPU.Build.0 = Release|Any CPU
		{54521F42-28AB-4929-B327-38FD6456AE3E}.Debug|Any CPU.ActiveCfg = Debug|Any CPU
		{54521F42-28AB-4929-B327-38FD6456AE3E}.Debug|Any CPU.Build.0 = Debug|Any CPU
		{54521F42-28AB-4929-B327-38FD6456AE3E}.Release|Any CPU.ActiveCfg = Release|Any CPU
		{54521F42-28AB-4929-B327-38FD6456AE3E}.Release|Any CPU.Build.0 = Release|Any CPU
		{627BC13B-5181-455E-943B-C60A3FBDBB68}.Debug|Any CPU.ActiveCfg = Debug|Any CPU
		{627BC13B-5181-455E-943B-C60A3FBDBB68}.Debug|Any CPU.Build.0 = Debug|Any CPU
		{627BC13B-5181-455E-943B-C60A3FBDBB68}.Release|Any CPU.ActiveCfg = Release|Any CPU
		{627BC13B-5181-455E-943B-C60A3FBDBB68}.Release|Any CPU.Build.0 = Release|Any CPU
		{7AB7AF8D-FD27-4686-868F-D3F820935049}.Debug|Any CPU.ActiveCfg = Debug|Any CPU
		{7AB7AF8D-FD27-4686-868F-D3F820935049}.Debug|Any CPU.Build.0 = Debug|Any CPU
		{7AB7AF8D-FD27-4686-868F-D3F820935049}.Release|Any CPU.ActiveCfg = Release|Any CPU
		{7AB7AF8D-FD27-4686-868F-D3F820935049}.Release|Any CPU.Build.0 = Release|Any CPU
	EndGlobalSection
	GlobalSection(SolutionProperties) = preSolution
		HideSolutionNode = FALSE
	EndGlobalSection
	GlobalSection(ExtensibilityGlobals) = postSolution
		SolutionGuid = {21E3225E-73E7-47A0-9D9B-E45C892EBA23}
	EndGlobalSection
EndGlobal
