
Microsoft Visual Studio Solution File, Format Version 12.00
# Visual Studio 15
VisualStudioVersion = 15.0.28307.136
MinimumVisualStudioVersion = 10.0.40219.1
Project("{9A19103F-16F7-4668-BE54-9A1E7A4F7556}") = "P02_BlackBoxInteger", "P02_BlackBoxInteger.csproj", "{EF439083-624A-43FC-9BFD-CC0401DC8B07}"
EndProject
Global
	GlobalSection(SolutionConfigurationPlatforms) = preSolution
		Debug|Any CPU = Debug|Any CPU
		Release|Any CPU = Release|Any CPU
	EndGlobalSection
	GlobalSection(ProjectConfigurationPlatforms) = postSolution
		{EF439083-624A-43FC-9BFD-CC0401DC8B07}.Debug|Any CPU.ActiveCfg = Debug|Any CPU
		{EF439083-624A-43FC-9BFD-CC0401DC8B07}.Debug|Any CPU.Build.0 = Debug|Any CPU
		{EF439083-624A-43FC-9BFD-CC0401DC8B07}.Release|Any CPU.ActiveCfg = Release|Any CPU
		{EF439083-624A-43FC-9BFD-CC0401DC8B07}.Release|Any CPU.Build.0 = Release|Any CPU
	EndGlobalSection
	GlobalSection(SolutionProperties) = preSolution
		HideSolutionNode = FALSE
	EndGlobalSection
	GlobalSection(ExtensibilityGlobals) = postSolution
		SolutionGuid = {83C6B9F1-FB21-4B4F-827A-59823ACF117C}
	EndGlobalSection
EndGlobal
