
Microsoft Visual Studio Solution File, Format Version 12.00
# Visual Studio 15
VisualStudioVersion = 15.0.28307.136
MinimumVisualStudioVersion = 10.0.40219.1
Project("{9A19103F-16F7-4668-BE54-9A1E7A4F7556}") = "P03_BarraksWars", "P03_BarraksWars.csproj", "{99C8A84D-7537-45B5-B97B-D4203A774E23}"
EndProject
Global
	GlobalSection(SolutionConfigurationPlatforms) = preSolution
		Debug|Any CPU = Debug|Any CPU
		Release|Any CPU = Release|Any CPU
	EndGlobalSection
	GlobalSection(ProjectConfigurationPlatforms) = postSolution
		{99C8A84D-7537-45B5-B97B-D4203A774E23}.Debug|Any CPU.ActiveCfg = Debug|Any CPU
		{99C8A84D-7537-45B5-B97B-D4203A774E23}.Debug|Any CPU.Build.0 = Debug|Any CPU
		{99C8A84D-7537-45B5-B97B-D4203A774E23}.Release|Any CPU.ActiveCfg = Release|Any CPU
		{99C8A84D-7537-45B5-B97B-D4203A774E23}.Release|Any CPU.Build.0 = Release|Any CPU
	EndGlobalSection
	GlobalSection(SolutionProperties) = preSolution
		HideSolutionNode = FALSE
	EndGlobalSection
	GlobalSection(ExtensibilityGlobals) = postSolution
		SolutionGuid = {2A4D0FE4-F3F6-4794-8461-EFEDD2DDD341}
	EndGlobalSection
EndGlobal
