
Microsoft Visual Studio Solution File, Format Version 12.00
# Visual Studio 15
VisualStudioVersion = 15.0.28307.136
MinimumVisualStudioVersion = 10.0.40219.1
Project("{9A19103F-16F7-4668-BE54-9A1E7A4F7556}") = "P01_HarvestingFields", "P01_HarvestingFields.csproj", "{00F41311-AF41-4472-851E-D3BB47ED8E79}"
EndProject
Global
	GlobalSection(SolutionConfigurationPlatforms) = preSolution
		Debug|Any CPU = Debug|Any CPU
		Release|Any CPU = Release|Any CPU
	EndGlobalSection
	GlobalSection(ProjectConfigurationPlatforms) = postSolution
		{00F41311-AF41-4472-851E-D3BB47ED8E79}.Debug|Any CPU.ActiveCfg = Debug|Any CPU
		{00F41311-AF41-4472-851E-D3BB47ED8E79}.Debug|Any CPU.Build.0 = Debug|Any CPU
		{00F41311-AF41-4472-851E-D3BB47ED8E79}.Release|Any CPU.ActiveCfg = Release|Any CPU
		{00F41311-AF41-4472-851E-D3BB47ED8E79}.Release|Any CPU.Build.0 = Release|Any CPU
	EndGlobalSection
	GlobalSection(SolutionProperties) = preSolution
		HideSolutionNode = FALSE
	EndGlobalSection
	GlobalSection(ExtensibilityGlobals) = postSolution
		SolutionGuid = {9390D790-959F-4AC1-A47E-7B0A67FE021D}
	EndGlobalSection
EndGlobal
