
Microsoft Visual Studio Solution File, Format Version 12.00
# Visual Studio 15
VisualStudioVersion = 15.0.28307.136
MinimumVisualStudioVersion = 10.0.40219.1
Project("{9A19103F-16F7-4668-BE54-9A1E7A4F7556}") = "Database", "Database\Database.csproj", "{8CA9D8B6-5915-4393-B03D-780133009BDD}"
EndProject
Project("{9A19103F-16F7-4668-BE54-9A1E7A4F7556}") = "DatabaseTests", "DatabaseTests\DatabaseTests.csproj", "{BEEA18F3-FC6C-49C7-9DCE-B9E4C7846A4B}"
EndProject
Project("{FAE04EC0-301F-11D3-BF4B-00C04F79EFBC}") = "DatabaseExtended", "DatabaseExtended\DatabaseExtended.csproj", "{2F93E92D-F739-4926-87EF-347FB4EF9D3E}"
EndProject
Project("{FAE04EC0-301F-11D3-BF4B-00C04F79EFBC}") = "DatabaseExtendedTests", "DatabaseExtendedTests\DatabaseExtendedTests.csproj", "{A78F5776-571B-40DA-9CD5-77D7D826FB27}"
EndProject
Global
	GlobalSection(SolutionConfigurationPlatforms) = preSolution
		Debug|Any CPU = Debug|Any CPU
		Release|Any CPU = Release|Any CPU
	EndGlobalSection
	GlobalSection(ProjectConfigurationPlatforms) = postSolution
		{8CA9D8B6-5915-4393-B03D-780133009BDD}.Debug|Any CPU.ActiveCfg = Debug|Any CPU
		{8CA9D8B6-5915-4393-B03D-780133009BDD}.Debug|Any CPU.Build.0 = Debug|Any CPU
		{8CA9D8B6-5915-4393-B03D-780133009BDD}.Release|Any CPU.ActiveCfg = Release|Any CPU
		{8CA9D8B6-5915-4393-B03D-780133009BDD}.Release|Any CPU.Build.0 = Release|Any CPU
		{BEEA18F3-FC6C-49C7-9DCE-B9E4C7846A4B}.Debug|Any CPU.ActiveCfg = Debug|Any CPU
		{BEEA18F3-FC6C-49C7-9DCE-B9E4C7846A4B}.Debug|Any CPU.Build.0 = Debug|Any CPU
		{BEEA18F3-FC6C-49C7-9DCE-B9E4C7846A4B}.Release|Any CPU.ActiveCfg = Release|Any CPU
		{BEEA18F3-FC6C-49C7-9DCE-B9E4C7846A4B}.Release|Any CPU.Build.0 = Release|Any CPU
		{2F93E92D-F739-4926-87EF-347FB4EF9D3E}.Debug|Any CPU.ActiveCfg = Debug|Any CPU
		{2F93E92D-F739-4926-87EF-347FB4EF9D3E}.Debug|Any CPU.Build.0 = Debug|Any CPU
		{2F93E92D-F739-4926-87EF-347FB4EF9D3E}.Release|Any CPU.ActiveCfg = Release|Any CPU
		{2F93E92D-F739-4926-87EF-347FB4EF9D3E}.Release|Any CPU.Build.0 = Release|Any CPU
		{A78F5776-571B-40DA-9CD5-77D7D826FB27}.Debug|Any CPU.ActiveCfg = Debug|Any CPU
		{A78F5776-571B-40DA-9CD5-77D7D826FB27}.Debug|Any CPU.Build.0 = Debug|Any CPU
		{A78F5776-571B-40DA-9CD5-77D7D826FB27}.Release|Any CPU.ActiveCfg = Release|Any CPU
		{A78F5776-571B-40DA-9CD5-77D7D826FB27}.Release|Any CPU.Build.0 = Release|Any CPU
	EndGlobalSection
	GlobalSection(SolutionProperties) = preSolution
		HideSolutionNode = FALSE
	EndGlobalSection
	GlobalSection(ExtensibilityGlobals) = postSolution
		SolutionGuid = {B67C5EFE-5421-4E76-95D5-F4242F1621B0}
	EndGlobalSection
EndGlobal
